
Microsoft Visual Studio Solution File, Format Version 12.00
# Visual Studio Version 17
VisualStudioVersion = 17.1.32328.378
MinimumVisualStudioVersion = 10.0.40219.1
Project("{FAE04EC0-301F-11D3-BF4B-00C04F79EFBC}") = "Bookstore.Catalog.Api", "Bookstore.Catalog.Api\Bookstore.Catalog.Api.csproj", "{71C6A1A3-C26F-4FFB-AFB0-5FCD831D24BC}"
EndProject
Project("{FAE04EC0-301F-11D3-BF4B-00C04F79EFBC}") = "Bookstore.Web", "Bookstore.Web\Bookstore.Web.csproj", "{06A6147A-F5F4-42DF-9A71-71B7BD7E3DFC}"
EndProject
Project("{FAE04EC0-301F-11D3-BF4B-00C04F79EFBC}") = "Bookstore.Dto", "Bookstore.Dto\Bookstore.Dto.csproj", "{2ED934AC-A97D-465A-9E95-C2BDAABD70AD}"
EndProject
Global
	GlobalSection(SolutionConfigurationPlatforms) = preSolution
		Debug|Any CPU = Debug|Any CPU
		Release|Any CPU = Release|Any CPU
	EndGlobalSection
	GlobalSection(ProjectConfigurationPlatforms) = postSolution
		{71C6A1A3-C26F-4FFB-AFB0-5FCD831D24BC}.Debug|Any CPU.ActiveCfg = Debug|Any CPU
		{71C6A1A3-C26F-4FFB-AFB0-5FCD831D24BC}.Debug|Any CPU.Build.0 = Debug|Any CPU
		{71C6A1A3-C26F-4FFB-AFB0-5FCD831D24BC}.Release|Any CPU.ActiveCfg = Release|Any CPU
		{71C6A1A3-C26F-4FFB-AFB0-5FCD831D24BC}.Release|Any CPU.Build.0 = Release|Any CPU
		{06A6147A-F5F4-42DF-9A71-71B7BD7E3DFC}.Debug|Any CPU.ActiveCfg = Debug|Any CPU
		{06A6147A-F5F4-42DF-9A71-71B7BD7E3DFC}.Debug|Any CPU.Build.0 = Debug|Any CPU
		{06A6147A-F5F4-42DF-9A71-71B7BD7E3DFC}.Release|Any CPU.ActiveCfg = Release|Any CPU
		{06A6147A-F5F4-42DF-9A71-71B7BD7E3DFC}.Release|Any CPU.Build.0 = Release|Any CPU
		{2ED934AC-A97D-465A-9E95-C2BDAABD70AD}.Debug|Any CPU.ActiveCfg = Debug|Any CPU
		{2ED934AC-A97D-465A-9E95-C2BDAABD70AD}.Debug|Any CPU.Build.0 = Debug|Any CPU
		{2ED934AC-A97D-465A-9E95-C2BDAABD70AD}.Release|Any CPU.ActiveCfg = Release|Any CPU
		{2ED934AC-A97D-465A-9E95-C2BDAABD70AD}.Release|Any CPU.Build.0 = Release|Any CPU
	EndGlobalSection
	GlobalSection(SolutionProperties) = preSolution
		HideSolutionNode = FALSE
	EndGlobalSection
	GlobalSection(ExtensibilityGlobals) = postSolution
		SolutionGuid = {1AACDB90-9438-4F6C-87D0-3776B11ED9A2}
	EndGlobalSection
EndGlobal
